schema: '2.0'
stages:
  prepare:
    cmd: python src/prepare.py
    deps:
    - path: src/prepare.py
      hash: md5
      md5: 66a03d753135fa155cfdf44c8ed9dd01
      size: 1897
    params:
      params.yaml:
        prepare.seed: 42
        prepare.shuffle: true
        prepare.split: 0.2
        prepare.stratify: true
    outs:
    - path: data/processed
      hash: md5
      md5: a77e19ebeb796d84cbb5eb048ee825fd.dir
      size: 7350959
      nfiles: 9874
